{
    "name": "exercise5.1-users",
    "version": "1.0.0",
    "lockfileVersion": 2,
    "requires": true,
    "packages": {
        "": {
            "name": "exercise5.1-users",
            "version": "1.0.0",
            "license": "ISC",
            "dependencies": {
                "chalk": "^5.0.1",
                "uniqid": "^5.4.0"
            }
        },
        "node_modules/chalk": {
            "version": "5.0.1",
            "resolved": "https://registry.npmjs.org/chalk/-/chalk-5.0.1.tgz",
            "integrity": "sha512-Fo07WOYGqMfCWHOzSXOt2CxDbC6skS/jO9ynEcmpANMoPrD+W1r1K6Vx7iNm+AQmETU1Xr2t+n8nzkV9t6xh3w==",
            "engines": {
                "node": "^12.17.0 || ^14.13 || >=16.0.0"
            },
            "funding": {
                "url": "https://github.com/chalk/chalk?sponsor=1"
            }
        },
        "node_modules/uniqid": {
            "version": "5.4.0",
            "resolved": "https://registry.npmjs.org/uniqid/-/uniqid-5.4.0.tgz",
            "integrity": "sha512-38JRbJ4Fj94VmnC7G/J/5n5SC7Ab46OM5iNtSstB/ko3l1b5g7ALt4qzHFgGciFkyiRNtDXtLNb+VsxtMSE77A=="
        }
    },
    "dependencies": {
        "chalk": {
            "version": "5.0.1",
            "resolved": "https://registry.npmjs.org/chalk/-/chalk-5.0.1.tgz",
            "integrity": "sha512-Fo07WOYGqMfCWHOzSXOt2CxDbC6skS/jO9ynEcmpANMoPrD+W1r1K6Vx7iNm+AQmETU1Xr2t+n8nzkV9t6xh3w=="
        },
        "uniqid": {
            "version": "5.4.0",
            "resolved": "https://registry.npmjs.org/uniqid/-/uniqid-5.4.0.tgz",
            "integrity": "sha512-38JRbJ4Fj94VmnC7G/J/5n5SC7Ab46OM5iNtSstB/ko3l1b5g7ALt4qzHFgGciFkyiRNtDXtLNb+VsxtMSE77A=="
        }
    }
}
